
Microsoft Visual Studio Solution File, Format Version 12.00
# Visual Studio Version 17
VisualStudioVersion = 17.4.33103.184
MinimumVisualStudioVersion = 10.0.40219.1
Project("{FAE04EC0-301F-11D3-BF4B-00C04F79EFBC}") = "PemrogLanjut", "PemrogLanjut.csproj", "{2FC8F182-1ECE-4C4B-969B-0E1E7511EA26}"
EndProject
Global
	GlobalSection(SolutionConfigurationPlatforms) = preSolution
		Debug|Any CPU = Debug|Any CPU
		Release|Any CPU = Release|Any CPU
	EndGlobalSection
	GlobalSection(ProjectConfigurationPlatforms) = postSolution
		{2FC8F182-1ECE-4C4B-969B-0E1E7511EA26}.Debug|Any CPU.ActiveCfg = Debug|Any CPU
		{2FC8F182-1ECE-4C4B-969B-0E1E7511EA26}.Debug|Any CPU.Build.0 = Debug|Any CPU
		{2FC8F182-1ECE-4C4B-969B-0E1E7511EA26}.Release|Any CPU.ActiveCfg = Release|Any CPU
		{2FC8F182-1ECE-4C4B-969B-0E1E7511EA26}.Release|Any CPU.Build.0 = Release|Any CPU
	EndGlobalSection
	GlobalSection(SolutionProperties) = preSolution
		HideSolutionNode = FALSE
	EndGlobalSection
	GlobalSection(ExtensibilityGlobals) = postSolution
		SolutionGuid = {AD81661C-1B1C-4B00-AA6B-DA21EFF51FB7}
	EndGlobalSection
EndGlobal
